# This file is autogenerated, do not edit; changes may be undone by the next 'dep ensure'.


[[projects]]
  digest = "1:1c10bf6793afd790b0949d5384403d8d4850bf8f5f72ab6fc232277daaa5057b"
  name = "github.com/aead/siphash"
  packages = ["."]
  pruneopts = "UT"
  revision = "83563a290f60225eb120d724600b9690c3fb536f"
  version = "v1.0.1"

[[projects]]
  branch = "master"
  digest = "1:1e6b2f7aa98b082c30a1303c29a702c369b2ec6d86b74a599bc8bbe2333db299"
  name = "github.com/btcsuite/go-socks"
  packages = ["socks"]
  pruneopts = "UT"
  revision = "4720035b7bfd2a9bb130b1c184f8bbe41b6f0d0f"

[[projects]]
  branch = "master"
  digest = "1:3255ef5e4238fb5ef9a5fffc789d5032d5863c4a47cfdbf11d9626f17d36e901"
  name = "github.com/btcsuite/goleveldb"
  packages = [
    "leveldb",
    "leveldb/cache",
    "leveldb/comparer",
    "leveldb/errors",
    "leveldb/filter",
    "leveldb/iterator",
    "leveldb/journal",
    "leveldb/memdb",
    "leveldb/opt",
    "leveldb/storage",
    "leveldb/table",
    "leveldb/util",
  ]
  pruneopts = "UT"
  revision = "3fd0373267b6461dbefe91cef614278064d05465"

[[projects]]
  digest = "1:f9bf7ab1aef6d501f1c51179e96d75a75526a85fd0f18bb2b285eaae058df084"
  name = "github.com/btcsuite/snappy-go"
  packages = ["."]
  pruneopts = "UT"
  revision = "b3db38edf0a9a11a115eb6b022d8c946024a9ac0"
  version = "v1.0.0"

[[projects]]
  branch = "master"
  digest = "1:0b2242fd2f4f51fb491e97e204464f75da680897a0db10ec7554c87b71b5afc3"
  name = "github.com/btcsuite/websocket"
  packages = ["."]
  pruneopts = "UT"
  revision = "31079b6807923eb23992c421b114992b95131b55"

[[projects]]
  digest = "1:a0faecc39336c429a46476189bcb276e47aac54b531bd5c03650319cb759fedc"
  name = "github.com/btcsuite/winsvc"
  packages = [
    "eventlog",
    "mgr",
    "registry",
    "svc",
    "winapi",
  ]
  pruneopts = "UT"
  revision = "f8fb11f83f7e860e3769a08e6811d1b399a43722"
  version = "v1.0.0"

[[projects]]
  branch = "master"
  digest = "1:ffe9824d294da03b391f44e1ae8281281b4afc1bdaa9588c9097785e3af10cec"
  name = "github.com/davecgh/go-spew"
  packages = ["spew"]
  pruneopts = "UT"
  revision = "d8f796af33cc11cb798c1aaeb27a4ebc5099927d"

[[projects]]
  digest = "1:1e9a0ec4f7e852123fefad9aadd7647eed1e9fd3716118e99a4b3dc463705c82"
  name = "github.com/dchest/siphash"
  packages = ["."]
  pruneopts = "UT"
  revision = "34f201214d993633bb24f418ba11736ab8b55aa7"
  version = "v1.2.1"

[[projects]]
  branch = "master"
  digest = "1:b1053b781e9090dab5d3e916eb04c8d85b63a7f6911007c2cd1dd82fb22f7f6a"
  name = "github.com/gcash/bchlog"
  packages = ["."]
  pruneopts = "UT"
  revision = "b4f036f92fa66c88eec458f4531ff14ff87704d6"

[[projects]]
  branch = "master"
  digest = "1:a2f081ebc2b87c6b83d6a1791a077a4204ce98d23053e33cafc70d3f6a372465"
  name = "github.com/gcash/bchutil"
  packages = [
    ".",
    "base58",
    "bloom",
    "gcs",
    "gcs/builder",
    "hdkeychain",
    "merkleblock",
  ]
  pruneopts = "UT"
  revision = "f909784c02593590644a5527b3f2237b8406bb7e"

[[projects]]
  digest = "1:239c4c7fd2159585454003d9be7207167970194216193a8a210b8d29576f19c9"
  name = "github.com/golang/protobuf"
  packages = [
    "proto",
    "ptypes",
    "ptypes/any",
    "ptypes/duration",
    "ptypes/timestamp",
  ]
  pruneopts = "UT"
  revision = "b5d812f8a3706043e23a9cd5babf2e5423744d30"
  version = "v1.3.1"

[[projects]]
  branch = "master"
  digest = "1:459271b8268fe541549b299f65160b1df5abe9ffef0426cc38607f771dbc6bb4"
  name = "github.com/jessevdk/go-flags"
  packages = ["."]
  pruneopts = "UT"
  revision = "c0795c8afcf41dd1d786bebce68636c199b3bb45"

[[projects]]
  branch = "master"
  digest = "1:4b6a85c651ea3faa6dfb4e6de5249b602226270b9eb3dfb8f49ec91fa3ef08ff"
  name = "github.com/jrick/logrotate"
  packages = ["rotator"]
  pruneopts = "UT"
  revision = "a93b200c26cbae3bb09dd0dc2c7c7fe1468a034a"

[[projects]]
  branch = "master"
  digest = "1:39016aee9299043adc48cdab6eff2da3814ca210d561b0a0cdea103b1705ce26"
  name = "github.com/kkdai/bstream"
  packages = ["."]
  pruneopts = "UT"
  revision = "b3251f7901ec4dd4ec66b3210e8f4bd5c0f1c5a3"

[[projects]]
  branch = "master"
  digest = "1:4479bb99d61e9c3c22493799b4651cacfba699fc6d468cf998ea71fa2ff33bab"
  name = "github.com/zquestz/grab"
  packages = ["."]
  pruneopts = "UT"
  revision = "abcee96e61b1d6def96b6616dec78a8ef12793e5"

[[projects]]
  branch = "master"
  digest = "1:1fa95129371749532e2ac8b93a0016c549ebe77f25c6fad296b6ee271fae2fd6"
  name = "golang.org/x/crypto"
  packages = ["ripemd160"]
  pruneopts = "UT"
  revision = "ffb98f73852f696ea2bb21a617a5c4b3e067a439"

[[projects]]
  branch = "master"
  digest = "1:a7550c619a7f9701bc2f0b2c866668a207cfb693a2834796f723d2c78b514372"
  name = "golang.org/x/net"
  packages = [
    "context",
    "http/httpguts",
    "http2",
    "http2/hpack",
    "idna",
    "internal/timeseries",
    "trace",
  ]
  pruneopts = "UT"
  revision = "eb5bcb51f2a31c7d5141d810b70815c05d9c9146"

[[projects]]
  branch = "master"
  digest = "1:3e01c69b34e7c3fa4b7a118ca95a6beaecea00f7f4fb701545d83eacd3badb3c"
  name = "golang.org/x/sys"
  packages = ["unix"]
  pruneopts = "UT"
  revision = "97732733099d6a942a73b889770774366de963ed"

[[projects]]
  digest = "1:0b1e6ebd6318297981e2f3ae09851a1b2c0d3f63668abfc4294d69f0b94d6593"
  name = "golang.org/x/text"
  packages = [
    "collate",
    "collate/build",
    "feature/plural",
    "internal",
    "internal/catmsg",
    "internal/colltab",
    "internal/format",
    "internal/gen",
    "internal/number",
    "internal/stringset",
    "internal/tag",
    "internal/triegen",
    "internal/ucd",
    "language",
    "message",
    "message/catalog",
    "secure/bidirule",
    "transform",
    "unicode/bidi",
    "unicode/cldr",
    "unicode/norm",
    "unicode/rangetable",
  ]
  pruneopts = "UT"
  revision = "f21a4dfb5e38f5895301dc265a8def02365cc3d0"
  version = "v0.3.0"

[[projects]]
  branch = "master"
  digest = "1:c3076e7defee87de1236f1814beb588f40a75544c60121e6eb38b3b3721783e2"
  name = "google.golang.org/genproto"
  packages = ["googleapis/rpc/status"]
  pruneopts = "UT"
  revision = "64821d5d210748c883cd2b809589555ae4654203"

[[projects]]
  digest = "1:31d87f39886fb38a2b6c097ff3b9f985d6960772170d64a68246f7790e955746"
  name = "google.golang.org/grpc"
  packages = [
    ".",
    "balancer",
    "balancer/base",
    "balancer/roundrobin",
    "binarylog/grpc_binarylog_v1",
    "codes",
    "connectivity",
    "credentials",
    "credentials/internal",
    "encoding",
    "encoding/proto",
    "grpclog",
    "internal",
    "internal/backoff",
    "internal/balancerload",
    "internal/binarylog",
    "internal/channelz",
    "internal/envconfig",
    "internal/grpcrand",
    "internal/grpcsync",
    "internal/syscall",
    "internal/transport",
    "keepalive",
    "metadata",
    "naming",
    "peer",
    "resolver",
    "resolver/dns",
    "resolver/passthrough",
    "stats",
    "status",
    "tap",
  ]
  pruneopts = "UT"
  revision = "236199dd5f8031d698fb64091194aecd1c3895b2"
  version = "v1.20.0"

[solve-meta]
  analyzer-name = "dep"
  analyzer-version = 1
  input-imports = [
    "github.com/btcsuite/go-socks/socks",
    "github.com/btcsuite/goleveldb/leveldb",
    "github.com/btcsuite/goleveldb/leveldb/comparer",
    "github.com/btcsuite/goleveldb/leveldb/errors",
    "github.com/btcsuite/goleveldb/leveldb/filter",
    "github.com/btcsuite/goleveldb/leveldb/iterator",
    "github.com/btcsuite/goleveldb/leveldb/opt",
    "github.com/btcsuite/goleveldb/leveldb/util",
    "github.com/btcsuite/websocket",
    "github.com/btcsuite/winsvc/eventlog",
    "github.com/btcsuite/winsvc/mgr",
    "github.com/btcsuite/winsvc/svc",
    "github.com/davecgh/go-spew/spew",
    "github.com/dchest/siphash",
    "github.com/gcash/bchlog",
    "github.com/gcash/bchutil",
    "github.com/gcash/bchutil/bloom",
    "github.com/gcash/bchutil/gcs",
    "github.com/gcash/bchutil/gcs/builder",
    "github.com/gcash/bchutil/hdkeychain",
    "github.com/gcash/bchutil/merkleblock",
    "github.com/golang/protobuf/proto",
    "github.com/jessevdk/go-flags",
    "github.com/jrick/logrotate/rotator",
    "github.com/zquestz/grab",
    "golang.org/x/crypto/ripemd160",
    "golang.org/x/net/context",
    "golang.org/x/text/message",
    "google.golang.org/grpc",
    "google.golang.org/grpc/codes",
    "google.golang.org/grpc/credentials",
    "google.golang.org/grpc/metadata",
    "google.golang.org/grpc/peer",
    "google.golang.org/grpc/status",
  ]
  solver-name = "gps-cdcl"
  solver-version = 1
