# THIS IS AN AUTOGENERATED FILE. DO NOT EDIT THIS FILE DIRECTLY.
# yarn lockfile v1


"@improbable-eng/grpc-web@^0.13.0":
  version "0.13.0"
  resolved "https://registry.yarnpkg.com/@improbable-eng/grpc-web/-/grpc-web-0.13.0.tgz#289e6fc4dafc00b1af8e2b93b970e6892299014d"
  integrity sha512-vaxxT+Qwb7GPqDQrBV4vAAfH0HywgOLw6xGIKXd9Q8hcV63CQhmS3p4+pZ9/wVvt4Ph3ZDK9fdC983b9aGMUFg==
  dependencies:
    browser-headers "^0.4.0"

"@types/google-protobuf@^3.7.2":
  version "3.7.2"
  resolved "https://registry.yarnpkg.com/@types/google-protobuf/-/google-protobuf-3.7.2.tgz#cd8a360c193ce4d672575a20a79f49ba036d38d2"
  integrity sha512-ifFemzjNchFBCtHS6bZNhSZCBu7tbtOe0e8qY0z2J4HtFXmPJjm6fXSaQsTG7yhShBEZtt2oP/bkwu5k+emlkQ==

browser-headers@^0.4.0:
  version "0.4.1"
  resolved "https://registry.yarnpkg.com/browser-headers/-/browser-headers-0.4.1.tgz#4308a7ad3b240f4203dbb45acedb38dc2d65dd02"
  integrity sha512-CA9hsySZVo9371qEHjHZtYxV2cFtVj5Wj/ZHi8ooEsrtm4vOnl9Y9HmyYWk9q+05d7K3rdoAE0j3MVEFVvtQtg==

google-protobuf@^3.6.1:
  version "3.12.2"
  resolved "https://registry.yarnpkg.com/google-protobuf/-/google-protobuf-3.12.2.tgz#50ce9f9b6281235724eb243d6a83e969a2176e53"
  integrity sha512-4CZhpuRr1d6HjlyrxoXoocoGFnRYgKULgMtikMddA9ztRyYR59Aondv2FioyxWVamRo0rF2XpYawkTCBEQOSkA==

google-protobuf@^4.0.0-rc.2:
  version "4.0.0-rc.2"
  resolved "https://registry.yarnpkg.com/google-protobuf/-/google-protobuf-4.0.0-rc.2.tgz#9fecb748b3e81d7a7a9160f991141f6ef8e9acd8"
  integrity sha512-KANe0ePi8Uk0m17xvjI1bXrE7LRflSuNczkAlHlOEeqXnSBy96tDS5beKwKOnNr0xYmlbC9XiQsj8fOLLyDp2Q==

ts-protoc-gen@^0.12.0:
  version "0.12.0"
  resolved "https://registry.yarnpkg.com/ts-protoc-gen/-/ts-protoc-gen-0.12.0.tgz#932e5738f14b67e7202825b06f8c548cb7d8ef34"
  integrity sha512-V7jnICJxKqalBrnJSMTW5tB9sGi48gOC325bfcM7TDNUItVOlaMM//rQmuo49ybipk/SyJTnWXgtJnhHCevNJw==
  dependencies:
    google-protobuf "^3.6.1"
